
Microsoft Visual Studio Solution File, Format Version 12.00
# Visual Studio Version 17
VisualStudioVersion = 17.13.35617.110 d17.13
MinimumVisualStudioVersion = 10.0.40219.1
Project("{FAE04EC0-301F-11D3-BF4B-00C04F79EFBC}") = "MVC_Projec2", "MVC_Projec2\MVC_Projec2.csproj", "{1937E267-06B0-444D-A045-7B551D0A8A9E}"
EndProject
Global
	GlobalSection(SolutionConfigurationPlatforms) = preSolution
		Debug|Any CPU = Debug|Any CPU
		Release|Any CPU = Release|Any CPU
	EndGlobalSection
	GlobalSection(ProjectConfigurationPlatforms) = postSolution
		{1937E267-06B0-444D-A045-7B551D0A8A9E}.Debug|Any CPU.ActiveCfg = Debug|Any CPU
		{1937E267-06B0-444D-A045-7B551D0A8A9E}.Debug|Any CPU.Build.0 = Debug|Any CPU
		{1937E267-06B0-444D-A045-7B551D0A8A9E}.Release|Any CPU.ActiveCfg = Release|Any CPU
		{1937E267-06B0-444D-A045-7B551D0A8A9E}.Release|Any CPU.Build.0 = Release|Any CPU
	EndGlobalSection
	GlobalSection(SolutionProperties) = preSolution
		HideSolutionNode = FALSE
	EndGlobalSection
	GlobalSection(ExtensibilityGlobals) = postSolution
		SolutionGuid = {61DE0AAD-3460-4E83-B9F7-202465E1392D}
	EndGlobalSection
EndGlobal
